
Microsoft Visual Studio Solution File, Format Version 12.00
# Visual Studio Version 16
VisualStudioVersion = 16.0.28803.202
MinimumVisualStudioVersion = 10.0.40219.1
Project("{FAE04EC0-301F-11D3-BF4B-00C04F79EFBC}") = "Simple2DRayCasting", "Simple2DRayCasting.csproj", "{29847116-C718-40E5-AF90-EE85CD4D08B6}"
EndProject
Global
	GlobalSection(SolutionConfigurationPlatforms) = preSolution
		Debug|Any CPU = Debug|Any CPU
		Release|Any CPU = Release|Any CPU
	EndGlobalSection
	GlobalSection(ProjectConfigurationPlatforms) = postSolution
		{29847116-C718-40E5-AF90-EE85CD4D08B6}.Debug|Any CPU.ActiveCfg = Debug|Any CPU
		{29847116-C718-40E5-AF90-EE85CD4D08B6}.Debug|Any CPU.Build.0 = Debug|Any CPU
		{29847116-C718-40E5-AF90-EE85CD4D08B6}.Release|Any CPU.ActiveCfg = Release|Any CPU
		{29847116-C718-40E5-AF90-EE85CD4D08B6}.Release|Any CPU.Build.0 = Release|Any CPU
	EndGlobalSection
	GlobalSection(SolutionProperties) = preSolution
		HideSolutionNode = FALSE
	EndGlobalSection
	GlobalSection(ExtensibilityGlobals) = postSolution
		SolutionGuid = {1AF40D1D-F333-4842-997D-7A5C08748E0C}
	EndGlobalSection
EndGlobal
